
Microsoft Visual Studio Solution File, Format Version 12.00
# Visual Studio Version 16
VisualStudioVersion = 16.0.29418.71
MinimumVisualStudioVersion = 10.0.40219.1
Project("{FAE04EC0-301F-11D3-BF4B-00C04F79EFBC}") = "OnekeyUIApp", "OnekeyUIApp\OnekeyUIApp.csproj", "{E5802B16-70D6-4A20-B56F-42F6203782F5}"
EndProject
Global
	GlobalSection(SolutionConfigurationPlatforms) = preSolution
		Debug|x64 = Debug|x64
		Release|x64 = Release|x64
	EndGlobalSection
	GlobalSection(ProjectConfigurationPlatforms) = postSolution
		{E5802B16-70D6-4A20-B56F-42F6203782F5}.Debug|x64.ActiveCfg = Debug|x64
		{E5802B16-70D6-4A20-B56F-42F6203782F5}.Debug|x64.Build.0 = Debug|x64
		{E5802B16-70D6-4A20-B56F-42F6203782F5}.Release|x64.ActiveCfg = Release|x64
		{E5802B16-70D6-4A20-B56F-42F6203782F5}.Release|x64.Build.0 = Release|x64
	EndGlobalSection
	GlobalSection(SolutionProperties) = preSolution
		HideSolutionNode = FALSE
	EndGlobalSection
	GlobalSection(ExtensibilityGlobals) = postSolution
		SolutionGuid = {D121D077-65E9-48E7-8951-E9163D716CD5}
	EndGlobalSection
EndGlobal
